# This file is automatically @generated by Cargo.
# It is not intended for manual editing.
version = 3

[[package]]
name = "cronchik"
version = "1.0.0"
dependencies = [
 "statiki",
]

[[package]]
name = "statiki"
version = "0.4.1"
source = "registry+https://github.com/rust-lang/crates.io-index"
checksum = "ddd129209233819e48184d36b3067e6722dde17d73e1ea73899f046db5095643"
